
Microsoft Visual Studio Solution File, Format Version 11.00
# Visual C# Express 2010
Project("{FAE04EC0-301F-11D3-BF4B-00C04F79EFBC}") = "Game_Programming_Project", "Game_Programming_Project\Game_Programming_Project\Game_Programming_Project.csproj", "{41304A9F-16BC-4E5A-9ADF-80FC2D1809A1}"
EndProject
Project("{96E2B04D-8817-42C6-938A-82C39BA4D311}") = "Game_Programming_ProjectContent", "Game_Programming_Project\Game_Programming_ProjectContent\Game_Programming_ProjectContent.contentproj", "{DDDC751C-72A2-429D-8524-C9B5899551EF}"
EndProject
Global
	GlobalSection(SolutionConfigurationPlatforms) = preSolution
		Debug|x86 = Debug|x86
		Release|x86 = Release|x86
	EndGlobalSection
	GlobalSection(ProjectConfigurationPlatforms) = postSolution
		{41304A9F-16BC-4E5A-9ADF-80FC2D1809A1}.Debug|x86.ActiveCfg = Debug|x86
		{41304A9F-16BC-4E5A-9ADF-80FC2D1809A1}.Debug|x86.Build.0 = Debug|x86
		{41304A9F-16BC-4E5A-9ADF-80FC2D1809A1}.Release|x86.ActiveCfg = Release|x86
		{41304A9F-16BC-4E5A-9ADF-80FC2D1809A1}.Release|x86.Build.0 = Release|x86
		{DDDC751C-72A2-429D-8524-C9B5899551EF}.Debug|x86.ActiveCfg = Debug|x86
		{DDDC751C-72A2-429D-8524-C9B5899551EF}.Release|x86.ActiveCfg = Release|x86
	EndGlobalSection
	GlobalSection(SolutionProperties) = preSolution
		HideSolutionNode = FALSE
	EndGlobalSection
EndGlobal
